
Microsoft Visual Studio Solution File, Format Version 12.00
# Visual Studio Version 17
VisualStudioVersion = 17.0.32014.148
MinimumVisualStudioVersion = 10.0.40219.1
Project("{8BC9CEB8-8B4A-11D0-8D11-00A0C91BC942}") = "ReDoomsEngine", "ReDoomsEngine.vcxproj", "{4F13DDE9-1598-462A-A2E6-78AC330682DB}"
	ProjectSection(ProjectDependencies) = postProject
		{1FC0ED2D-2BAA-36E9-8B7A-2A0AA49E2FAC} = {1FC0ED2D-2BAA-36E9-8B7A-2A0AA49E2FAC}
		{4E2116BD-7AE1-383A-914E-B59693DF4548} = {4E2116BD-7AE1-383A-914E-B59693DF4548}
		{591DFBB6-3F96-3E74-ADD8-AF0FE156465A} = {591DFBB6-3F96-3E74-ADD8-AF0FE156465A}
		{BC214079-45D8-36BD-A49F-65A0D29A4D50} = {BC214079-45D8-36BD-A49F-65A0D29A4D50}
		{FB303CCF-93E6-31DE-9275-C48A436C4791} = {FB303CCF-93E6-31DE-9275-C48A436C4791}
	EndProjectSection
EndProject
Project("{8BC9CEB8-8B4A-11D0-8D11-00A0C91BC942}") = "EAAssert", "Source\Runtime\STL\EASTL\build\test\packages\EAAssert\EAAssert.vcxproj", "{BC214079-45D8-36BD-A49F-65A0D29A4D50}"
EndProject
Project("{8BC9CEB8-8B4A-11D0-8D11-00A0C91BC942}") = "EAStdC", "Source\Runtime\STL\EASTL\build\test\packages\EAStdC\EAStdC.vcxproj", "{1FC0ED2D-2BAA-36E9-8B7A-2A0AA49E2FAC}"
EndProject
Project("{8BC9CEB8-8B4A-11D0-8D11-00A0C91BC942}") = "EAThread", "Source\Runtime\STL\EASTL\build\test\packages\EAThread\EAThread.vcxproj", "{FB303CCF-93E6-31DE-9275-C48A436C4791}"
EndProject
Project("{8BC9CEB8-8B4A-11D0-8D11-00A0C91BC942}") = "EASTL", "Source\Runtime\STL\EASTL\build\EASTL.vcxproj", "{591DFBB6-3F96-3E74-ADD8-AF0FE156465A}"
EndProject
Project("{8BC9CEB8-8B4A-11D0-8D11-00A0C91BC942}") = "mimalloc-static", "Source\Runtime\STL\mimalloc\build\mimalloc-static.vcxproj", "{4E2116BD-7AE1-383A-914E-B59693DF4548}"
EndProject
Global
	GlobalSection(SolutionConfigurationPlatforms) = preSolution
		Debug|x64 = Debug|x64
		Debug|x86 = Debug|x86
		MinSizeRel|x64 = MinSizeRel|x64
		MinSizeRel|x86 = MinSizeRel|x86
		Release|x64 = Release|x64
		Release|x86 = Release|x86
		RelWithDebInfo|x64 = RelWithDebInfo|x64
		RelWithDebInfo|x86 = RelWithDebInfo|x86
	EndGlobalSection
	GlobalSection(ProjectConfigurationPlatforms) = postSolution
		{4F13DDE9-1598-462A-A2E6-78AC330682DB}.Debug|x64.ActiveCfg = Debug|x64
		{4F13DDE9-1598-462A-A2E6-78AC330682DB}.Debug|x64.Build.0 = Debug|x64
		{4F13DDE9-1598-462A-A2E6-78AC330682DB}.Debug|x86.ActiveCfg = Debug|Win32
		{4F13DDE9-1598-462A-A2E6-78AC330682DB}.Debug|x86.Build.0 = Debug|Win32
		{4F13DDE9-1598-462A-A2E6-78AC330682DB}.MinSizeRel|x64.ActiveCfg = Release|x64
		{4F13DDE9-1598-462A-A2E6-78AC330682DB}.MinSizeRel|x64.Build.0 = Release|x64
		{4F13DDE9-1598-462A-A2E6-78AC330682DB}.MinSizeRel|x86.ActiveCfg = Release|Win32
		{4F13DDE9-1598-462A-A2E6-78AC330682DB}.MinSizeRel|x86.Build.0 = Release|Win32
		{4F13DDE9-1598-462A-A2E6-78AC330682DB}.Release|x64.ActiveCfg = Release|x64
		{4F13DDE9-1598-462A-A2E6-78AC330682DB}.Release|x64.Build.0 = Release|x64
		{4F13DDE9-1598-462A-A2E6-78AC330682DB}.Release|x86.ActiveCfg = Release|Win32
		{4F13DDE9-1598-462A-A2E6-78AC330682DB}.Release|x86.Build.0 = Release|Win32
		{4F13DDE9-1598-462A-A2E6-78AC330682DB}.RelWithDebInfo|x64.ActiveCfg = Release|x64
		{4F13DDE9-1598-462A-A2E6-78AC330682DB}.RelWithDebInfo|x64.Build.0 = Release|x64
		{4F13DDE9-1598-462A-A2E6-78AC330682DB}.RelWithDebInfo|x86.ActiveCfg = Release|Win32
		{4F13DDE9-1598-462A-A2E6-78AC330682DB}.RelWithDebInfo|x86.Build.0 = Release|Win32
		{BC214079-45D8-36BD-A49F-65A0D29A4D50}.Debug|x64.ActiveCfg = Debug|x64
		{BC214079-45D8-36BD-A49F-65A0D29A4D50}.Debug|x64.Build.0 = Debug|x64
		{BC214079-45D8-36BD-A49F-65A0D29A4D50}.Debug|x86.ActiveCfg = Debug|x64
		{BC214079-45D8-36BD-A49F-65A0D29A4D50}.Debug|x86.Build.0 = Debug|x64
		{BC214079-45D8-36BD-A49F-65A0D29A4D50}.MinSizeRel|x64.ActiveCfg = MinSizeRel|x64
		{BC214079-45D8-36BD-A49F-65A0D29A4D50}.MinSizeRel|x64.Build.0 = MinSizeRel|x64
		{BC214079-45D8-36BD-A49F-65A0D29A4D50}.MinSizeRel|x86.ActiveCfg = MinSizeRel|x64
		{BC214079-45D8-36BD-A49F-65A0D29A4D50}.MinSizeRel|x86.Build.0 = MinSizeRel|x64
		{BC214079-45D8-36BD-A49F-65A0D29A4D50}.Release|x64.ActiveCfg = Release|x64
		{BC214079-45D8-36BD-A49F-65A0D29A4D50}.Release|x64.Build.0 = Release|x64
		{BC214079-45D8-36BD-A49F-65A0D29A4D50}.Release|x86.ActiveCfg = Release|x64
		{BC214079-45D8-36BD-A49F-65A0D29A4D50}.Release|x86.Build.0 = Release|x64
		{BC214079-45D8-36BD-A49F-65A0D29A4D50}.RelWithDebInfo|x64.ActiveCfg = RelWithDebInfo|x64
		{BC214079-45D8-36BD-A49F-65A0D29A4D50}.RelWithDebInfo|x64.Build.0 = RelWithDebInfo|x64
		{BC214079-45D8-36BD-A49F-65A0D29A4D50}.RelWithDebInfo|x86.ActiveCfg = RelWithDebInfo|x64
		{BC214079-45D8-36BD-A49F-65A0D29A4D50}.RelWithDebInfo|x86.Build.0 = RelWithDebInfo|x64
		{1FC0ED2D-2BAA-36E9-8B7A-2A0AA49E2FAC}.Debug|x64.ActiveCfg = Debug|x64
		{1FC0ED2D-2BAA-36E9-8B7A-2A0AA49E2FAC}.Debug|x64.Build.0 = Debug|x64
		{1FC0ED2D-2BAA-36E9-8B7A-2A0AA49E2FAC}.Debug|x86.ActiveCfg = Debug|x64
		{1FC0ED2D-2BAA-36E9-8B7A-2A0AA49E2FAC}.Debug|x86.Build.0 = Debug|x64
		{1FC0ED2D-2BAA-36E9-8B7A-2A0AA49E2FAC}.MinSizeRel|x64.ActiveCfg = MinSizeRel|x64
		{1FC0ED2D-2BAA-36E9-8B7A-2A0AA49E2FAC}.MinSizeRel|x64.Build.0 = MinSizeRel|x64
		{1FC0ED2D-2BAA-36E9-8B7A-2A0AA49E2FAC}.MinSizeRel|x86.ActiveCfg = MinSizeRel|x64
		{1FC0ED2D-2BAA-36E9-8B7A-2A0AA49E2FAC}.MinSizeRel|x86.Build.0 = MinSizeRel|x64
		{1FC0ED2D-2BAA-36E9-8B7A-2A0AA49E2FAC}.Release|x64.ActiveCfg = Release|x64
		{1FC0ED2D-2BAA-36E9-8B7A-2A0AA49E2FAC}.Release|x64.Build.0 = Release|x64
		{1FC0ED2D-2BAA-36E9-8B7A-2A0AA49E2FAC}.Release|x86.ActiveCfg = Release|x64
		{1FC0ED2D-2BAA-36E9-8B7A-2A0AA49E2FAC}.Release|x86.Build.0 = Release|x64
		{1FC0ED2D-2BAA-36E9-8B7A-2A0AA49E2FAC}.RelWithDebInfo|x64.ActiveCfg = RelWithDebInfo|x64
		{1FC0ED2D-2BAA-36E9-8B7A-2A0AA49E2FAC}.RelWithDebInfo|x64.Build.0 = RelWithDebInfo|x64
		{1FC0ED2D-2BAA-36E9-8B7A-2A0AA49E2FAC}.RelWithDebInfo|x86.ActiveCfg = RelWithDebInfo|x64
		{1FC0ED2D-2BAA-36E9-8B7A-2A0AA49E2FAC}.RelWithDebInfo|x86.Build.0 = RelWithDebInfo|x64
		{FB303CCF-93E6-31DE-9275-C48A436C4791}.Debug|x64.ActiveCfg = Debug|x64
		{FB303CCF-93E6-31DE-9275-C48A436C4791}.Debug|x64.Build.0 = Debug|x64
		{FB303CCF-93E6-31DE-9275-C48A436C4791}.Debug|x86.ActiveCfg = Debug|x64
		{FB303CCF-93E6-31DE-9275-C48A436C4791}.Debug|x86.Build.0 = Debug|x64
		{FB303CCF-93E6-31DE-9275-C48A436C4791}.MinSizeRel|x64.ActiveCfg = MinSizeRel|x64
		{FB303CCF-93E6-31DE-9275-C48A436C4791}.MinSizeRel|x64.Build.0 = MinSizeRel|x64
		{FB303CCF-93E6-31DE-9275-C48A436C4791}.MinSizeRel|x86.ActiveCfg = MinSizeRel|x64
		{FB303CCF-93E6-31DE-9275-C48A436C4791}.MinSizeRel|x86.Build.0 = MinSizeRel|x64
		{FB303CCF-93E6-31DE-9275-C48A436C4791}.Release|x64.ActiveCfg = Release|x64
		{FB303CCF-93E6-31DE-9275-C48A436C4791}.Release|x64.Build.0 = Release|x64
		{FB303CCF-93E6-31DE-9275-C48A436C4791}.Release|x86.ActiveCfg = Release|x64
		{FB303CCF-93E6-31DE-9275-C48A436C4791}.Release|x86.Build.0 = Release|x64
		{FB303CCF-93E6-31DE-9275-C48A436C4791}.RelWithDebInfo|x64.ActiveCfg = RelWithDebInfo|x64
		{FB303CCF-93E6-31DE-9275-C48A436C4791}.RelWithDebInfo|x64.Build.0 = RelWithDebInfo|x64
		{FB303CCF-93E6-31DE-9275-C48A436C4791}.RelWithDebInfo|x86.ActiveCfg = RelWithDebInfo|x64
		{FB303CCF-93E6-31DE-9275-C48A436C4791}.RelWithDebInfo|x86.Build.0 = RelWithDebInfo|x64
		{591DFBB6-3F96-3E74-ADD8-AF0FE156465A}.Debug|x64.ActiveCfg = Debug|x64
		{591DFBB6-3F96-3E74-ADD8-AF0FE156465A}.Debug|x64.Build.0 = Debug|x64
		{591DFBB6-3F96-3E74-ADD8-AF0FE156465A}.Debug|x86.ActiveCfg = Debug|x64
		{591DFBB6-3F96-3E74-ADD8-AF0FE156465A}.Debug|x86.Build.0 = Debug|x64
		{591DFBB6-3F96-3E74-ADD8-AF0FE156465A}.MinSizeRel|x64.ActiveCfg = MinSizeRel|x64
		{591DFBB6-3F96-3E74-ADD8-AF0FE156465A}.MinSizeRel|x64.Build.0 = MinSizeRel|x64
		{591DFBB6-3F96-3E74-ADD8-AF0FE156465A}.MinSizeRel|x86.ActiveCfg = MinSizeRel|x64
		{591DFBB6-3F96-3E74-ADD8-AF0FE156465A}.MinSizeRel|x86.Build.0 = MinSizeRel|x64
		{591DFBB6-3F96-3E74-ADD8-AF0FE156465A}.Release|x64.ActiveCfg = Release|x64
		{591DFBB6-3F96-3E74-ADD8-AF0FE156465A}.Release|x64.Build.0 = Release|x64
		{591DFBB6-3F96-3E74-ADD8-AF0FE156465A}.Release|x86.ActiveCfg = Release|x64
		{591DFBB6-3F96-3E74-ADD8-AF0FE156465A}.Release|x86.Build.0 = Release|x64
		{591DFBB6-3F96-3E74-ADD8-AF0FE156465A}.RelWithDebInfo|x64.ActiveCfg = RelWithDebInfo|x64
		{591DFBB6-3F96-3E74-ADD8-AF0FE156465A}.RelWithDebInfo|x64.Build.0 = RelWithDebInfo|x64
		{591DFBB6-3F96-3E74-ADD8-AF0FE156465A}.RelWithDebInfo|x86.ActiveCfg = RelWithDebInfo|x64
		{591DFBB6-3F96-3E74-ADD8-AF0FE156465A}.RelWithDebInfo|x86.Build.0 = RelWithDebInfo|x64
		{4E2116BD-7AE1-383A-914E-B59693DF4548}.Debug|x64.ActiveCfg = Debug|x64
		{4E2116BD-7AE1-383A-914E-B59693DF4548}.Debug|x64.Build.0 = Debug|x64
		{4E2116BD-7AE1-383A-914E-B59693DF4548}.Debug|x86.ActiveCfg = Debug|x64
		{4E2116BD-7AE1-383A-914E-B59693DF4548}.Debug|x86.Build.0 = Debug|x64
		{4E2116BD-7AE1-383A-914E-B59693DF4548}.MinSizeRel|x64.ActiveCfg = Debug|x64
		{4E2116BD-7AE1-383A-914E-B59693DF4548}.MinSizeRel|x64.Build.0 = Debug|x64
		{4E2116BD-7AE1-383A-914E-B59693DF4548}.MinSizeRel|x86.ActiveCfg = Debug|x64
		{4E2116BD-7AE1-383A-914E-B59693DF4548}.MinSizeRel|x86.Build.0 = Debug|x64
		{4E2116BD-7AE1-383A-914E-B59693DF4548}.Release|x64.ActiveCfg = Release|x64
		{4E2116BD-7AE1-383A-914E-B59693DF4548}.Release|x64.Build.0 = Release|x64
		{4E2116BD-7AE1-383A-914E-B59693DF4548}.Release|x86.ActiveCfg = Release|x64
		{4E2116BD-7AE1-383A-914E-B59693DF4548}.Release|x86.Build.0 = Release|x64
		{4E2116BD-7AE1-383A-914E-B59693DF4548}.RelWithDebInfo|x64.ActiveCfg = Release|x64
		{4E2116BD-7AE1-383A-914E-B59693DF4548}.RelWithDebInfo|x64.Build.0 = Release|x64
		{4E2116BD-7AE1-383A-914E-B59693DF4548}.RelWithDebInfo|x86.ActiveCfg = Release|x64
		{4E2116BD-7AE1-383A-914E-B59693DF4548}.RelWithDebInfo|x86.Build.0 = Release|x64
	EndGlobalSection
	GlobalSection(SolutionProperties) = preSolution
		HideSolutionNode = FALSE
	EndGlobalSection
	GlobalSection(ExtensibilityGlobals) = postSolution
		SolutionGuid = {56A80BC1-D27E-4CE0-AEE8-28042F4A91F9}
	EndGlobalSection
EndGlobal
