
Microsoft Visual Studio Solution File, Format Version 12.00
# Visual Studio Version 17
VisualStudioVersion = 17.0.32014.148
MinimumVisualStudioVersion = 10.0.40219.1
Project("{8BC9CEB8-8B4A-11D0-8D11-00A0C91BC942}") = "ReDoomsEngine", "ReDoomsEngine.vcxproj", "{4F13DDE9-1598-462A-A2E6-78AC330682DB}"
	ProjectSection(ProjectDependencies) = postProject
		{1B975623-736C-3292-A263-9E6088A736C5} = {1B975623-736C-3292-A263-9E6088A736C5}
		{1C611A00-599C-3B74-B933-A8B01E70762C} = {1C611A00-599C-3B74-B933-A8B01E70762C}
		{21AE3C1F-DCD4-37C9-AF4B-C9C3F1FDEDA5} = {21AE3C1F-DCD4-37C9-AF4B-C9C3F1FDEDA5}
		{55B20886-842C-3FDC-91F8-D427C6B8AC90} = {55B20886-842C-3FDC-91F8-D427C6B8AC90}
		{ABB5EAE7-B3E6-432E-B636-333449892EA7} = {ABB5EAE7-B3E6-432E-B636-333449892EA7}
		{C9E983D9-BEE4-3720-9DF4-32D6D254AACC} = {C9E983D9-BEE4-3720-9DF4-32D6D254AACC}
	EndProjectSection
EndProject
Project("{8BC9CEB8-8B4A-11D0-8D11-00A0C91BC942}") = "EAAssert", "Source\Runtime\STL\EASTL\build\test\packages\EAAssert\EAAssert.vcxproj", "{C9E983D9-BEE4-3720-9DF4-32D6D254AACC}"
EndProject
Project("{8BC9CEB8-8B4A-11D0-8D11-00A0C91BC942}") = "EAStdC", "Source\Runtime\STL\EASTL\build\test\packages\EAStdC\EAStdC.vcxproj", "{1C611A00-599C-3B74-B933-A8B01E70762C}"
EndProject
Project("{8BC9CEB8-8B4A-11D0-8D11-00A0C91BC942}") = "EAThread", "Source\Runtime\STL\EASTL\build\test\packages\EAThread\EAThread.vcxproj", "{1B975623-736C-3292-A263-9E6088A736C5}"
EndProject
Project("{8BC9CEB8-8B4A-11D0-8D11-00A0C91BC942}") = "EASTL", "Source\Runtime\STL\EASTL\build\EASTL.vcxproj", "{21AE3C1F-DCD4-37C9-AF4B-C9C3F1FDEDA5}"
EndProject
Project("{8BC9CEB8-8B4A-11D0-8D11-00A0C91BC942}") = "DirectXTex", "Source\Runtime\Rendering\DirectXTex\build\DirectXTex.vcxproj", "{55B20886-842C-3FDC-91F8-D427C6B8AC90}"
EndProject
Project("{8BC9CEB8-8B4A-11D0-8D11-00A0C91BC942}") = "mimalloc-override", "Source\Runtime\STL\mimalloc\ide\vs2022\mimalloc-override.vcxproj", "{ABB5EAE7-B3E6-432E-B636-333449892EA7}"
EndProject
Global
	GlobalSection(SolutionConfigurationPlatforms) = preSolution
		Debug|x64 = Debug|x64
		Debug|x86 = Debug|x86
		MinSizeRel|x64 = MinSizeRel|x64
		MinSizeRel|x86 = MinSizeRel|x86
		Release|x64 = Release|x64
		Release|x86 = Release|x86
		RelWithDebInfo|x64 = RelWithDebInfo|x64
		RelWithDebInfo|x86 = RelWithDebInfo|x86
	EndGlobalSection
	GlobalSection(ProjectConfigurationPlatforms) = postSolution
		{4F13DDE9-1598-462A-A2E6-78AC330682DB}.Debug|x64.ActiveCfg = Debug|x64
		{4F13DDE9-1598-462A-A2E6-78AC330682DB}.Debug|x64.Build.0 = Debug|x64
		{4F13DDE9-1598-462A-A2E6-78AC330682DB}.Debug|x86.ActiveCfg = Debug|Win32
		{4F13DDE9-1598-462A-A2E6-78AC330682DB}.Debug|x86.Build.0 = Debug|Win32
		{4F13DDE9-1598-462A-A2E6-78AC330682DB}.MinSizeRel|x64.ActiveCfg = Release|x64
		{4F13DDE9-1598-462A-A2E6-78AC330682DB}.MinSizeRel|x64.Build.0 = Release|x64
		{4F13DDE9-1598-462A-A2E6-78AC330682DB}.MinSizeRel|x86.ActiveCfg = Release|Win32
		{4F13DDE9-1598-462A-A2E6-78AC330682DB}.MinSizeRel|x86.Build.0 = Release|Win32
		{4F13DDE9-1598-462A-A2E6-78AC330682DB}.Release|x64.ActiveCfg = Release|x64
		{4F13DDE9-1598-462A-A2E6-78AC330682DB}.Release|x64.Build.0 = Release|x64
		{4F13DDE9-1598-462A-A2E6-78AC330682DB}.Release|x86.ActiveCfg = Release|Win32
		{4F13DDE9-1598-462A-A2E6-78AC330682DB}.Release|x86.Build.0 = Release|Win32
		{4F13DDE9-1598-462A-A2E6-78AC330682DB}.RelWithDebInfo|x64.ActiveCfg = Release|x64
		{4F13DDE9-1598-462A-A2E6-78AC330682DB}.RelWithDebInfo|x64.Build.0 = Release|x64
		{4F13DDE9-1598-462A-A2E6-78AC330682DB}.RelWithDebInfo|x86.ActiveCfg = Release|Win32
		{4F13DDE9-1598-462A-A2E6-78AC330682DB}.RelWithDebInfo|x86.Build.0 = Release|Win32
		{C9E983D9-BEE4-3720-9DF4-32D6D254AACC}.Debug|x64.ActiveCfg = Debug|x64
		{C9E983D9-BEE4-3720-9DF4-32D6D254AACC}.Debug|x64.Build.0 = Debug|x64
		{C9E983D9-BEE4-3720-9DF4-32D6D254AACC}.Debug|x86.ActiveCfg = Debug|x64
		{C9E983D9-BEE4-3720-9DF4-32D6D254AACC}.Debug|x86.Build.0 = Debug|x64
		{C9E983D9-BEE4-3720-9DF4-32D6D254AACC}.MinSizeRel|x64.ActiveCfg = MinSizeRel|x64
		{C9E983D9-BEE4-3720-9DF4-32D6D254AACC}.MinSizeRel|x64.Build.0 = MinSizeRel|x64
		{C9E983D9-BEE4-3720-9DF4-32D6D254AACC}.MinSizeRel|x86.ActiveCfg = MinSizeRel|x64
		{C9E983D9-BEE4-3720-9DF4-32D6D254AACC}.MinSizeRel|x86.Build.0 = MinSizeRel|x64
		{C9E983D9-BEE4-3720-9DF4-32D6D254AACC}.Release|x64.ActiveCfg = Release|x64
		{C9E983D9-BEE4-3720-9DF4-32D6D254AACC}.Release|x64.Build.0 = Release|x64
		{C9E983D9-BEE4-3720-9DF4-32D6D254AACC}.Release|x86.ActiveCfg = Release|x64
		{C9E983D9-BEE4-3720-9DF4-32D6D254AACC}.Release|x86.Build.0 = Release|x64
		{C9E983D9-BEE4-3720-9DF4-32D6D254AACC}.RelWithDebInfo|x64.ActiveCfg = RelWithDebInfo|x64
		{C9E983D9-BEE4-3720-9DF4-32D6D254AACC}.RelWithDebInfo|x64.Build.0 = RelWithDebInfo|x64
		{C9E983D9-BEE4-3720-9DF4-32D6D254AACC}.RelWithDebInfo|x86.ActiveCfg = RelWithDebInfo|x64
		{C9E983D9-BEE4-3720-9DF4-32D6D254AACC}.RelWithDebInfo|x86.Build.0 = RelWithDebInfo|x64
		{1C611A00-599C-3B74-B933-A8B01E70762C}.Debug|x64.ActiveCfg = Debug|x64
		{1C611A00-599C-3B74-B933-A8B01E70762C}.Debug|x64.Build.0 = Debug|x64
		{1C611A00-599C-3B74-B933-A8B01E70762C}.Debug|x86.ActiveCfg = Debug|x64
		{1C611A00-599C-3B74-B933-A8B01E70762C}.Debug|x86.Build.0 = Debug|x64
		{1C611A00-599C-3B74-B933-A8B01E70762C}.MinSizeRel|x64.ActiveCfg = MinSizeRel|x64
		{1C611A00-599C-3B74-B933-A8B01E70762C}.MinSizeRel|x64.Build.0 = MinSizeRel|x64
		{1C611A00-599C-3B74-B933-A8B01E70762C}.MinSizeRel|x86.ActiveCfg = MinSizeRel|x64
		{1C611A00-599C-3B74-B933-A8B01E70762C}.MinSizeRel|x86.Build.0 = MinSizeRel|x64
		{1C611A00-599C-3B74-B933-A8B01E70762C}.Release|x64.ActiveCfg = Release|x64
		{1C611A00-599C-3B74-B933-A8B01E70762C}.Release|x64.Build.0 = Release|x64
		{1C611A00-599C-3B74-B933-A8B01E70762C}.Release|x86.ActiveCfg = Release|x64
		{1C611A00-599C-3B74-B933-A8B01E70762C}.Release|x86.Build.0 = Release|x64
		{1C611A00-599C-3B74-B933-A8B01E70762C}.RelWithDebInfo|x64.ActiveCfg = RelWithDebInfo|x64
		{1C611A00-599C-3B74-B933-A8B01E70762C}.RelWithDebInfo|x64.Build.0 = RelWithDebInfo|x64
		{1C611A00-599C-3B74-B933-A8B01E70762C}.RelWithDebInfo|x86.ActiveCfg = RelWithDebInfo|x64
		{1C611A00-599C-3B74-B933-A8B01E70762C}.RelWithDebInfo|x86.Build.0 = RelWithDebInfo|x64
		{1B975623-736C-3292-A263-9E6088A736C5}.Debug|x64.ActiveCfg = Debug|x64
		{1B975623-736C-3292-A263-9E6088A736C5}.Debug|x64.Build.0 = Debug|x64
		{1B975623-736C-3292-A263-9E6088A736C5}.Debug|x86.ActiveCfg = Debug|x64
		{1B975623-736C-3292-A263-9E6088A736C5}.Debug|x86.Build.0 = Debug|x64
		{1B975623-736C-3292-A263-9E6088A736C5}.MinSizeRel|x64.ActiveCfg = MinSizeRel|x64
		{1B975623-736C-3292-A263-9E6088A736C5}.MinSizeRel|x64.Build.0 = MinSizeRel|x64
		{1B975623-736C-3292-A263-9E6088A736C5}.MinSizeRel|x86.ActiveCfg = MinSizeRel|x64
		{1B975623-736C-3292-A263-9E6088A736C5}.MinSizeRel|x86.Build.0 = MinSizeRel|x64
		{1B975623-736C-3292-A263-9E6088A736C5}.Release|x64.ActiveCfg = Release|x64
		{1B975623-736C-3292-A263-9E6088A736C5}.Release|x64.Build.0 = Release|x64
		{1B975623-736C-3292-A263-9E6088A736C5}.Release|x86.ActiveCfg = Release|x64
		{1B975623-736C-3292-A263-9E6088A736C5}.Release|x86.Build.0 = Release|x64
		{1B975623-736C-3292-A263-9E6088A736C5}.RelWithDebInfo|x64.ActiveCfg = RelWithDebInfo|x64
		{1B975623-736C-3292-A263-9E6088A736C5}.RelWithDebInfo|x64.Build.0 = RelWithDebInfo|x64
		{1B975623-736C-3292-A263-9E6088A736C5}.RelWithDebInfo|x86.ActiveCfg = RelWithDebInfo|x64
		{1B975623-736C-3292-A263-9E6088A736C5}.RelWithDebInfo|x86.Build.0 = RelWithDebInfo|x64
		{21AE3C1F-DCD4-37C9-AF4B-C9C3F1FDEDA5}.Debug|x64.ActiveCfg = Debug|x64
		{21AE3C1F-DCD4-37C9-AF4B-C9C3F1FDEDA5}.Debug|x64.Build.0 = Debug|x64
		{21AE3C1F-DCD4-37C9-AF4B-C9C3F1FDEDA5}.Debug|x86.ActiveCfg = Debug|x64
		{21AE3C1F-DCD4-37C9-AF4B-C9C3F1FDEDA5}.Debug|x86.Build.0 = Debug|x64
		{21AE3C1F-DCD4-37C9-AF4B-C9C3F1FDEDA5}.MinSizeRel|x64.ActiveCfg = MinSizeRel|x64
		{21AE3C1F-DCD4-37C9-AF4B-C9C3F1FDEDA5}.MinSizeRel|x64.Build.0 = MinSizeRel|x64
		{21AE3C1F-DCD4-37C9-AF4B-C9C3F1FDEDA5}.MinSizeRel|x86.ActiveCfg = MinSizeRel|x64
		{21AE3C1F-DCD4-37C9-AF4B-C9C3F1FDEDA5}.MinSizeRel|x86.Build.0 = MinSizeRel|x64
		{21AE3C1F-DCD4-37C9-AF4B-C9C3F1FDEDA5}.Release|x64.ActiveCfg = Release|x64
		{21AE3C1F-DCD4-37C9-AF4B-C9C3F1FDEDA5}.Release|x64.Build.0 = Release|x64
		{21AE3C1F-DCD4-37C9-AF4B-C9C3F1FDEDA5}.Release|x86.ActiveCfg = Release|x64
		{21AE3C1F-DCD4-37C9-AF4B-C9C3F1FDEDA5}.Release|x86.Build.0 = Release|x64
		{21AE3C1F-DCD4-37C9-AF4B-C9C3F1FDEDA5}.RelWithDebInfo|x64.ActiveCfg = RelWithDebInfo|x64
		{21AE3C1F-DCD4-37C9-AF4B-C9C3F1FDEDA5}.RelWithDebInfo|x64.Build.0 = RelWithDebInfo|x64
		{21AE3C1F-DCD4-37C9-AF4B-C9C3F1FDEDA5}.RelWithDebInfo|x86.ActiveCfg = RelWithDebInfo|x64
		{21AE3C1F-DCD4-37C9-AF4B-C9C3F1FDEDA5}.RelWithDebInfo|x86.Build.0 = RelWithDebInfo|x64
		{55B20886-842C-3FDC-91F8-D427C6B8AC90}.Debug|x64.ActiveCfg = Debug|x64
		{55B20886-842C-3FDC-91F8-D427C6B8AC90}.Debug|x64.Build.0 = Debug|x64
		{55B20886-842C-3FDC-91F8-D427C6B8AC90}.Debug|x86.ActiveCfg = Debug|x64
		{55B20886-842C-3FDC-91F8-D427C6B8AC90}.Debug|x86.Build.0 = Debug|x64
		{55B20886-842C-3FDC-91F8-D427C6B8AC90}.MinSizeRel|x64.ActiveCfg = Debug|x64
		{55B20886-842C-3FDC-91F8-D427C6B8AC90}.MinSizeRel|x64.Build.0 = Debug|x64
		{55B20886-842C-3FDC-91F8-D427C6B8AC90}.MinSizeRel|x86.ActiveCfg = Debug|x64
		{55B20886-842C-3FDC-91F8-D427C6B8AC90}.MinSizeRel|x86.Build.0 = Debug|x64
		{55B20886-842C-3FDC-91F8-D427C6B8AC90}.Release|x64.ActiveCfg = Release|x64
		{55B20886-842C-3FDC-91F8-D427C6B8AC90}.Release|x64.Build.0 = Release|x64
		{55B20886-842C-3FDC-91F8-D427C6B8AC90}.Release|x86.ActiveCfg = Release|x64
		{55B20886-842C-3FDC-91F8-D427C6B8AC90}.Release|x86.Build.0 = Release|x64
		{55B20886-842C-3FDC-91F8-D427C6B8AC90}.RelWithDebInfo|x64.ActiveCfg = Release|x64
		{55B20886-842C-3FDC-91F8-D427C6B8AC90}.RelWithDebInfo|x64.Build.0 = Release|x64
		{55B20886-842C-3FDC-91F8-D427C6B8AC90}.RelWithDebInfo|x86.ActiveCfg = Release|x64
		{55B20886-842C-3FDC-91F8-D427C6B8AC90}.RelWithDebInfo|x86.Build.0 = Release|x64
		{ABB5EAE7-B3E6-432E-B636-333449892EA7}.Debug|x64.ActiveCfg = Debug|x64
		{ABB5EAE7-B3E6-432E-B636-333449892EA7}.Debug|x64.Build.0 = Debug|x64
		{ABB5EAE7-B3E6-432E-B636-333449892EA7}.Debug|x86.ActiveCfg = Debug|Win32
		{ABB5EAE7-B3E6-432E-B636-333449892EA7}.Debug|x86.Build.0 = Debug|Win32
		{ABB5EAE7-B3E6-432E-B636-333449892EA7}.MinSizeRel|x64.ActiveCfg = Debug|x64
		{ABB5EAE7-B3E6-432E-B636-333449892EA7}.MinSizeRel|x64.Build.0 = Debug|x64
		{ABB5EAE7-B3E6-432E-B636-333449892EA7}.MinSizeRel|x86.ActiveCfg = Debug|Win32
		{ABB5EAE7-B3E6-432E-B636-333449892EA7}.MinSizeRel|x86.Build.0 = Debug|Win32
		{ABB5EAE7-B3E6-432E-B636-333449892EA7}.Release|x64.ActiveCfg = Release|x64
		{ABB5EAE7-B3E6-432E-B636-333449892EA7}.Release|x64.Build.0 = Release|x64
		{ABB5EAE7-B3E6-432E-B636-333449892EA7}.Release|x86.ActiveCfg = Release|Win32
		{ABB5EAE7-B3E6-432E-B636-333449892EA7}.Release|x86.Build.0 = Release|Win32
		{ABB5EAE7-B3E6-432E-B636-333449892EA7}.RelWithDebInfo|x64.ActiveCfg = Release|x64
		{ABB5EAE7-B3E6-432E-B636-333449892EA7}.RelWithDebInfo|x64.Build.0 = Release|x64
		{ABB5EAE7-B3E6-432E-B636-333449892EA7}.RelWithDebInfo|x86.ActiveCfg = Release|Win32
		{ABB5EAE7-B3E6-432E-B636-333449892EA7}.RelWithDebInfo|x86.Build.0 = Release|Win32
	EndGlobalSection
	GlobalSection(SolutionProperties) = preSolution
		HideSolutionNode = FALSE
	EndGlobalSection
	GlobalSection(ExtensibilityGlobals) = postSolution
		SolutionGuid = {56A80BC1-D27E-4CE0-AEE8-28042F4A91F9}
	EndGlobalSection
EndGlobal
