
Microsoft Visual Studio Solution File, Format Version 12.00
# Visual Studio Version 17
VisualStudioVersion = 17.0.32014.148
MinimumVisualStudioVersion = 10.0.40219.1
Project("{8BC9CEB8-8B4A-11D0-8D11-00A0C91BC942}") = "ReDoomsEngine", "ReDoomsEngine.vcxproj", "{4F13DDE9-1598-462A-A2E6-78AC330682DB}"
	ProjectSection(ProjectDependencies) = postProject
		{1B975623-736C-3292-A263-9E6088A736C5} = {1B975623-736C-3292-A263-9E6088A736C5}
		{1C611A00-599C-3B74-B933-A8B01E70762C} = {1C611A00-599C-3B74-B933-A8B01E70762C}
		{1E24AADE-E489-3A46-AB83-AA48D6966944} = {1E24AADE-E489-3A46-AB83-AA48D6966944}
		{21AE3C1F-DCD4-37C9-AF4B-C9C3F1FDEDA5} = {21AE3C1F-DCD4-37C9-AF4B-C9C3F1FDEDA5}
		{ABB5EAE7-B3E6-432E-B636-333449892EA7} = {ABB5EAE7-B3E6-432E-B636-333449892EA7}
		{C3B55D19-51EB-38C1-A2DE-39BF532785C4} = {C3B55D19-51EB-38C1-A2DE-39BF532785C4}
		{C9E983D9-BEE4-3720-9DF4-32D6D254AACC} = {C9E983D9-BEE4-3720-9DF4-32D6D254AACC}
		{E4ECE6E6-7EED-36C8-9087-5A737DC1CBA7} = {E4ECE6E6-7EED-36C8-9087-5A737DC1CBA7}
	EndProjectSection
EndProject
Project("{8BC9CEB8-8B4A-11D0-8D11-00A0C91BC942}") = "EAAssert", "Source\Runtime\STL\EASTL\build\test\packages\EAAssert\EAAssert.vcxproj", "{C9E983D9-BEE4-3720-9DF4-32D6D254AACC}"
EndProject
Project("{8BC9CEB8-8B4A-11D0-8D11-00A0C91BC942}") = "EAStdC", "Source\Runtime\STL\EASTL\build\test\packages\EAStdC\EAStdC.vcxproj", "{1C611A00-599C-3B74-B933-A8B01E70762C}"
EndProject
Project("{8BC9CEB8-8B4A-11D0-8D11-00A0C91BC942}") = "EAThread", "Source\Runtime\STL\EASTL\build\test\packages\EAThread\EAThread.vcxproj", "{1B975623-736C-3292-A263-9E6088A736C5}"
EndProject
Project("{8BC9CEB8-8B4A-11D0-8D11-00A0C91BC942}") = "EASTL", "Source\Runtime\STL\EASTL\build\EASTL.vcxproj", "{21AE3C1F-DCD4-37C9-AF4B-C9C3F1FDEDA5}"
EndProject
Project("{8BC9CEB8-8B4A-11D0-8D11-00A0C91BC942}") = "DirectXTex", "Source\Runtime\Rendering\DirectXTex\build\DirectXTex.vcxproj", "{E4ECE6E6-7EED-36C8-9087-5A737DC1CBA7}"
EndProject
Project("{8BC9CEB8-8B4A-11D0-8D11-00A0C91BC942}") = "mimalloc-override", "Source\Runtime\STL\mimalloc\ide\vs2022\mimalloc-override.vcxproj", "{ABB5EAE7-B3E6-432E-B636-333449892EA7}"
EndProject
Project("{8BC9CEB8-8B4A-11D0-8D11-00A0C91BC942}") = "assimp", "Source\Runtime\Utils\assimp\build\code\assimp.vcxproj", "{C3B55D19-51EB-38C1-A2DE-39BF532785C4}"
EndProject
Project("{8BC9CEB8-8B4A-11D0-8D11-00A0C91BC942}") = "zlibstatic", "Source\Runtime\Utils\assimp\build\contrib\zlib\zlibstatic.vcxproj", "{1E24AADE-E489-3A46-AB83-AA48D6966944}"
EndProject
Global
	GlobalSection(SolutionConfigurationPlatforms) = preSolution
		Debug|x64 = Debug|x64
		DebugEditor|x64 = DebugEditor|x64
		DevelopmentEditor|x64 = DevelopmentEditor|x64
		Release|x64 = Release|x64
	EndGlobalSection
	GlobalSection(ProjectConfigurationPlatforms) = postSolution
		{4F13DDE9-1598-462A-A2E6-78AC330682DB}.Debug|x64.ActiveCfg = Debug|x64
		{4F13DDE9-1598-462A-A2E6-78AC330682DB}.Debug|x64.Build.0 = Debug|x64
		{4F13DDE9-1598-462A-A2E6-78AC330682DB}.DebugEditor|x64.ActiveCfg = DebugEditor|x64
		{4F13DDE9-1598-462A-A2E6-78AC330682DB}.DebugEditor|x64.Build.0 = DebugEditor|x64
		{4F13DDE9-1598-462A-A2E6-78AC330682DB}.DevelopmentEditor|x64.ActiveCfg = DevelopmentEditor|x64
		{4F13DDE9-1598-462A-A2E6-78AC330682DB}.DevelopmentEditor|x64.Build.0 = DevelopmentEditor|x64
		{4F13DDE9-1598-462A-A2E6-78AC330682DB}.Release|x64.ActiveCfg = Release|x64
		{4F13DDE9-1598-462A-A2E6-78AC330682DB}.Release|x64.Build.0 = Release|x64
		{C9E983D9-BEE4-3720-9DF4-32D6D254AACC}.Debug|x64.ActiveCfg = Debug|x64
		{C9E983D9-BEE4-3720-9DF4-32D6D254AACC}.Debug|x64.Build.0 = Debug|x64
		{C9E983D9-BEE4-3720-9DF4-32D6D254AACC}.DebugEditor|x64.ActiveCfg = DebugEditor|x64
		{C9E983D9-BEE4-3720-9DF4-32D6D254AACC}.DebugEditor|x64.Build.0 = DebugEditor|x64
		{C9E983D9-BEE4-3720-9DF4-32D6D254AACC}.DevelopmentEditor|x64.ActiveCfg = DevelopmentEditor|x64
		{C9E983D9-BEE4-3720-9DF4-32D6D254AACC}.DevelopmentEditor|x64.Build.0 = DevelopmentEditor|x64
		{C9E983D9-BEE4-3720-9DF4-32D6D254AACC}.Release|x64.ActiveCfg = Release|x64
		{C9E983D9-BEE4-3720-9DF4-32D6D254AACC}.Release|x64.Build.0 = Release|x64
		{1C611A00-599C-3B74-B933-A8B01E70762C}.Debug|x64.ActiveCfg = Debug|x64
		{1C611A00-599C-3B74-B933-A8B01E70762C}.Debug|x64.Build.0 = Debug|x64
		{1C611A00-599C-3B74-B933-A8B01E70762C}.DebugEditor|x64.ActiveCfg = DebugEditor|x64
		{1C611A00-599C-3B74-B933-A8B01E70762C}.DebugEditor|x64.Build.0 = DebugEditor|x64
		{1C611A00-599C-3B74-B933-A8B01E70762C}.DevelopmentEditor|x64.ActiveCfg = DevelopmentEditor|x64
		{1C611A00-599C-3B74-B933-A8B01E70762C}.DevelopmentEditor|x64.Build.0 = DevelopmentEditor|x64
		{1C611A00-599C-3B74-B933-A8B01E70762C}.Release|x64.ActiveCfg = Release|x64
		{1C611A00-599C-3B74-B933-A8B01E70762C}.Release|x64.Build.0 = Release|x64
		{1B975623-736C-3292-A263-9E6088A736C5}.Debug|x64.ActiveCfg = Debug|x64
		{1B975623-736C-3292-A263-9E6088A736C5}.Debug|x64.Build.0 = Debug|x64
		{1B975623-736C-3292-A263-9E6088A736C5}.DebugEditor|x64.ActiveCfg = DebugEditor|x64
		{1B975623-736C-3292-A263-9E6088A736C5}.DebugEditor|x64.Build.0 = DebugEditor|x64
		{1B975623-736C-3292-A263-9E6088A736C5}.DevelopmentEditor|x64.ActiveCfg = DevelopmentEditor|x64
		{1B975623-736C-3292-A263-9E6088A736C5}.DevelopmentEditor|x64.Build.0 = DevelopmentEditor|x64
		{1B975623-736C-3292-A263-9E6088A736C5}.Release|x64.ActiveCfg = Release|x64
		{1B975623-736C-3292-A263-9E6088A736C5}.Release|x64.Build.0 = Release|x64
		{21AE3C1F-DCD4-37C9-AF4B-C9C3F1FDEDA5}.Debug|x64.ActiveCfg = Debug|x64
		{21AE3C1F-DCD4-37C9-AF4B-C9C3F1FDEDA5}.Debug|x64.Build.0 = Debug|x64
		{21AE3C1F-DCD4-37C9-AF4B-C9C3F1FDEDA5}.DebugEditor|x64.ActiveCfg = DebugEditor|x64
		{21AE3C1F-DCD4-37C9-AF4B-C9C3F1FDEDA5}.DebugEditor|x64.Build.0 = DebugEditor|x64
		{21AE3C1F-DCD4-37C9-AF4B-C9C3F1FDEDA5}.DevelopmentEditor|x64.ActiveCfg = DevelopmentEditor|x64
		{21AE3C1F-DCD4-37C9-AF4B-C9C3F1FDEDA5}.DevelopmentEditor|x64.Build.0 = DevelopmentEditor|x64
		{21AE3C1F-DCD4-37C9-AF4B-C9C3F1FDEDA5}.Release|x64.ActiveCfg = Release|x64
		{21AE3C1F-DCD4-37C9-AF4B-C9C3F1FDEDA5}.Release|x64.Build.0 = Release|x64
		{E4ECE6E6-7EED-36C8-9087-5A737DC1CBA7}.Debug|x64.ActiveCfg = Debug|x64
		{E4ECE6E6-7EED-36C8-9087-5A737DC1CBA7}.Debug|x64.Build.0 = Debug|x64
		{E4ECE6E6-7EED-36C8-9087-5A737DC1CBA7}.DebugEditor|x64.ActiveCfg = DebugEditor|x64
		{E4ECE6E6-7EED-36C8-9087-5A737DC1CBA7}.DebugEditor|x64.Build.0 = DebugEditor|x64
		{E4ECE6E6-7EED-36C8-9087-5A737DC1CBA7}.DevelopmentEditor|x64.ActiveCfg = DevelopmentEditor|x64
		{E4ECE6E6-7EED-36C8-9087-5A737DC1CBA7}.DevelopmentEditor|x64.Build.0 = DevelopmentEditor|x64
		{E4ECE6E6-7EED-36C8-9087-5A737DC1CBA7}.Release|x64.ActiveCfg = Release|x64
		{E4ECE6E6-7EED-36C8-9087-5A737DC1CBA7}.Release|x64.Build.0 = Release|x64
		{ABB5EAE7-B3E6-432E-B636-333449892EA7}.Debug|x64.ActiveCfg = Debug|x64
		{ABB5EAE7-B3E6-432E-B636-333449892EA7}.Debug|x64.Build.0 = Debug|x64
		{ABB5EAE7-B3E6-432E-B636-333449892EA7}.DebugEditor|x64.ActiveCfg = DebugEditor|x64
		{ABB5EAE7-B3E6-432E-B636-333449892EA7}.DebugEditor|x64.Build.0 = DebugEditor|x64
		{ABB5EAE7-B3E6-432E-B636-333449892EA7}.DevelopmentEditor|x64.ActiveCfg = DevelopmentEditor|x64
		{ABB5EAE7-B3E6-432E-B636-333449892EA7}.DevelopmentEditor|x64.Build.0 = DevelopmentEditor|x64
		{ABB5EAE7-B3E6-432E-B636-333449892EA7}.Release|x64.ActiveCfg = Release|x64
		{ABB5EAE7-B3E6-432E-B636-333449892EA7}.Release|x64.Build.0 = Release|x64
		{C3B55D19-51EB-38C1-A2DE-39BF532785C4}.Debug|x64.ActiveCfg = Debug|x64
		{C3B55D19-51EB-38C1-A2DE-39BF532785C4}.Debug|x64.Build.0 = Debug|x64
		{C3B55D19-51EB-38C1-A2DE-39BF532785C4}.DebugEditor|x64.ActiveCfg = DebugEditor|x64
		{C3B55D19-51EB-38C1-A2DE-39BF532785C4}.DebugEditor|x64.Build.0 = DebugEditor|x64
		{C3B55D19-51EB-38C1-A2DE-39BF532785C4}.DevelopmentEditor|x64.ActiveCfg = DevelopmentEditor|x64
		{C3B55D19-51EB-38C1-A2DE-39BF532785C4}.DevelopmentEditor|x64.Build.0 = DevelopmentEditor|x64
		{C3B55D19-51EB-38C1-A2DE-39BF532785C4}.Release|x64.ActiveCfg = Release|x64
		{C3B55D19-51EB-38C1-A2DE-39BF532785C4}.Release|x64.Build.0 = Release|x64
		{1E24AADE-E489-3A46-AB83-AA48D6966944}.Debug|x64.ActiveCfg = Debug|x64
		{1E24AADE-E489-3A46-AB83-AA48D6966944}.Debug|x64.Build.0 = Debug|x64
		{1E24AADE-E489-3A46-AB83-AA48D6966944}.DebugEditor|x64.ActiveCfg = DebugEditor|x64
		{1E24AADE-E489-3A46-AB83-AA48D6966944}.DebugEditor|x64.Build.0 = DebugEditor|x64
		{1E24AADE-E489-3A46-AB83-AA48D6966944}.DevelopmentEditor|x64.ActiveCfg = DevelopmentEditor|x64
		{1E24AADE-E489-3A46-AB83-AA48D6966944}.DevelopmentEditor|x64.Build.0 = DevelopmentEditor|x64
		{1E24AADE-E489-3A46-AB83-AA48D6966944}.Release|x64.ActiveCfg = Release|x64
		{1E24AADE-E489-3A46-AB83-AA48D6966944}.Release|x64.Build.0 = Release|x64
	EndGlobalSection
	GlobalSection(SolutionProperties) = preSolution
		HideSolutionNode = FALSE
	EndGlobalSection
	GlobalSection(ExtensibilityGlobals) = postSolution
		SolutionGuid = {56A80BC1-D27E-4CE0-AEE8-28042F4A91F9}
	EndGlobalSection
EndGlobal
